
Microsoft Visual Studio Solution File, Format Version 12.00
# Visual Studio Version 17
VisualStudioVersion = 17.7.34024.191
MinimumVisualStudioVersion = 10.0.40219.1
Project("{FAE04EC0-301F-11D3-BF4B-00C04F79EFBC}") = "PsicoApp", "PsicoApp\PsicoApp.csproj", "{F3925642-F671-4E49-9A9B-B84B8984D87F}"
EndProject
Global
	GlobalSection(SolutionConfigurationPlatforms) = preSolution
		Debug|Any CPU = Debug|Any CPU
		Release|Any CPU = Release|Any CPU
	EndGlobalSection
	GlobalSection(ProjectConfigurationPlatforms) = postSolution
		{F3925642-F671-4E49-9A9B-B84B8984D87F}.Debug|Any CPU.ActiveCfg = Debug|Any CPU
		{F3925642-F671-4E49-9A9B-B84B8984D87F}.Debug|Any CPU.Build.0 = Debug|Any CPU
		{F3925642-F671-4E49-9A9B-B84B8984D87F}.Release|Any CPU.ActiveCfg = Release|Any CPU
		{F3925642-F671-4E49-9A9B-B84B8984D87F}.Release|Any CPU.Build.0 = Release|Any CPU
	EndGlobalSection
	GlobalSection(SolutionProperties) = preSolution
		HideSolutionNode = FALSE
	EndGlobalSection
	GlobalSection(ExtensibilityGlobals) = postSolution
		SolutionGuid = {B21E446F-E423-4745-B2EC-BA56891DD93E}
	EndGlobalSection
EndGlobal
